
Microsoft Visual Studio Solution File, Format Version 12.00
# Visual Studio Version 16
VisualStudioVersion = 16.0.31205.134
MinimumVisualStudioVersion = 10.0.40219.1
Project("{9A19103F-16F7-4668-BE54-9A1E7A4F7556}") = "Task3(DB)", "Task3(DB).csproj", "{ADEC753D-71B6-405A-AD45-D1C5D76280CD}"
EndProject
Global
	GlobalSection(SolutionConfigurationPlatforms) = preSolution
		Debug|Any CPU = Debug|Any CPU
		Release|Any CPU = Release|Any CPU
	EndGlobalSection
	GlobalSection(ProjectConfigurationPlatforms) = postSolution
		{ADEC753D-71B6-405A-AD45-D1C5D76280CD}.Debug|Any CPU.ActiveCfg = Debug|Any CPU
		{ADEC753D-71B6-405A-AD45-D1C5D76280CD}.Debug|Any CPU.Build.0 = Debug|Any CPU
		{ADEC753D-71B6-405A-AD45-D1C5D76280CD}.Release|Any CPU.ActiveCfg = Release|Any CPU
		{ADEC753D-71B6-405A-AD45-D1C5D76280CD}.Release|Any CPU.Build.0 = Release|Any CPU
	EndGlobalSection
	GlobalSection(SolutionProperties) = preSolution
		HideSolutionNode = FALSE
	EndGlobalSection
	GlobalSection(ExtensibilityGlobals) = postSolution
		SolutionGuid = {8DF56248-7B5D-4B8C-9A39-2BD8BF9E3BC4}
	EndGlobalSection
EndGlobal
